
Microsoft Visual Studio Solution File, Format Version 12.00
# Visual Studio Version 16
VisualStudioVersion = 16.0.30114.105
MinimumVisualStudioVersion = 10.0.40219.1
Project("{9A19103F-16F7-4668-BE54-9A1E7A4F7556}") = "serviceTest", "serviceTest\serviceTest.csproj", "{0151D6EE-F92A-4CAF-A537-EB1CA49D539B}"
EndProject
Project("{FAE04EC0-301F-11D3-BF4B-00C04F79EFBC}") = "TwitterAPI_NETCore", "TwitterAPILibrary\TwitterAPI_NETCore.csproj", "{83D1738B-C766-418F-92CD-9228C02CC046}"
EndProject
Project("{FAE04EC0-301F-11D3-BF4B-00C04F79EFBC}") = "testConsole", "testConsole\testConsole.csproj", "{1B82EAD4-FB40-4B33-913D-8736E7C24652}"
EndProject
Global
	GlobalSection(SolutionConfigurationPlatforms) = preSolution
		Debug|Any CPU = Debug|Any CPU
		Release|Any CPU = Release|Any CPU
	EndGlobalSection
	GlobalSection(ProjectConfigurationPlatforms) = postSolution
		{0151D6EE-F92A-4CAF-A537-EB1CA49D539B}.Debug|Any CPU.ActiveCfg = Debug|Any CPU
		{0151D6EE-F92A-4CAF-A537-EB1CA49D539B}.Debug|Any CPU.Build.0 = Debug|Any CPU
		{0151D6EE-F92A-4CAF-A537-EB1CA49D539B}.Release|Any CPU.ActiveCfg = Release|Any CPU
		{0151D6EE-F92A-4CAF-A537-EB1CA49D539B}.Release|Any CPU.Build.0 = Release|Any CPU
		{83D1738B-C766-418F-92CD-9228C02CC046}.Debug|Any CPU.ActiveCfg = Debug|Any CPU
		{83D1738B-C766-418F-92CD-9228C02CC046}.Debug|Any CPU.Build.0 = Debug|Any CPU
		{83D1738B-C766-418F-92CD-9228C02CC046}.Release|Any CPU.ActiveCfg = Release|Any CPU
		{83D1738B-C766-418F-92CD-9228C02CC046}.Release|Any CPU.Build.0 = Release|Any CPU
		{1B82EAD4-FB40-4B33-913D-8736E7C24652}.Debug|Any CPU.ActiveCfg = Debug|Any CPU
		{1B82EAD4-FB40-4B33-913D-8736E7C24652}.Debug|Any CPU.Build.0 = Debug|Any CPU
		{1B82EAD4-FB40-4B33-913D-8736E7C24652}.Release|Any CPU.ActiveCfg = Release|Any CPU
		{1B82EAD4-FB40-4B33-913D-8736E7C24652}.Release|Any CPU.Build.0 = Release|Any CPU
	EndGlobalSection
	GlobalSection(SolutionProperties) = preSolution
		HideSolutionNode = FALSE
	EndGlobalSection
	GlobalSection(ExtensibilityGlobals) = postSolution
		SolutionGuid = {E9A38B56-D980-4D13-BE91-E7CD1E327C95}
	EndGlobalSection
EndGlobal
